
Microsoft Visual Studio Solution File, Format Version 12.00
# Visual Studio Version 17
VisualStudioVersion = 17.13.35931.197 d17.13
MinimumVisualStudioVersion = 10.0.40219.1
Project("{2150E333-8FDC-42A3-9474-1A3956D46DE8}") = "Services", "Services", "{02EA681E-C7D8-13C7-8484-4AC65E1B71E8}"
EndProject
Project("{2150E333-8FDC-42A3-9474-1A3956D46DE8}") = "Catalog", "Catalog", "{50C8987E-73A0-4F19-A6E7-E6561048CC03}"
EndProject
Project("{FAE04EC0-301F-11D3-BF4B-00C04F79EFBC}") = "Catalog.API", "src\Services\Catalog\Catalog.API\Catalog.API.csproj", "{F567082C-9CEE-4DBF-B000-2D43366B0BF6}"
EndProject
Global
	GlobalSection(SolutionConfigurationPlatforms) = preSolution
		Debug|Any CPU = Debug|Any CPU
		Release|Any CPU = Release|Any CPU
	EndGlobalSection
	GlobalSection(ProjectConfigurationPlatforms) = postSolution
		{F567082C-9CEE-4DBF-B000-2D43366B0BF6}.Debug|Any CPU.ActiveCfg = Debug|Any CPU
		{F567082C-9CEE-4DBF-B000-2D43366B0BF6}.Debug|Any CPU.Build.0 = Debug|Any CPU
		{F567082C-9CEE-4DBF-B000-2D43366B0BF6}.Release|Any CPU.ActiveCfg = Release|Any CPU
		{F567082C-9CEE-4DBF-B000-2D43366B0BF6}.Release|Any CPU.Build.0 = Release|Any CPU
	EndGlobalSection
	GlobalSection(SolutionProperties) = preSolution
		HideSolutionNode = FALSE
	EndGlobalSection
	GlobalSection(NestedProjects) = preSolution
		{50C8987E-73A0-4F19-A6E7-E6561048CC03} = {02EA681E-C7D8-13C7-8484-4AC65E1B71E8}
		{F567082C-9CEE-4DBF-B000-2D43366B0BF6} = {50C8987E-73A0-4F19-A6E7-E6561048CC03}
	EndGlobalSection
	GlobalSection(ExtensibilityGlobals) = postSolution
		SolutionGuid = {4010BF9D-110F-47E5-9117-F2D37ADC828C}
	EndGlobalSection
EndGlobal
